// !$*UTF8*$!
{
	archiveVersion = 1;
	classes = {
	};
	objectVersion = 46;
	objects = {

/* Begin PBXBuildFile section */
		600118CC1628AB5C009E019D /* UserPostViewController.m in Sources */ = {isa = PBXBuildFile; fileRef = 600118CA1628AB5C009E019D /* UserPostViewController.m */; };
		600118CD1628AB5C009E019D /* UserPostViewController.xib in Resources */ = {isa = PBXBuildFile; fileRef = 600118CB1628AB5C009E019D /* UserPostViewController.xib */; };
		6006FF45161FC711006E031C /* ItemCell.xib in Resources */ = {isa = PBXBuildFile; fileRef = 605AC491161E5EC40046245F /* ItemCell.xib */; };
		6006FF46161FC715006E031C /* DealsViewController.xib in Resources */ = {isa = PBXBuildFile; fileRef = 605AC48D161E5EC40046245F /* DealsViewController.xib */; };
		6006FF47161FC71A006E031C /* DealsItemViewController.xib in Resources */ = {isa = PBXBuildFile; fileRef = 605AC498161E5EC40046245F /* DealsItemViewController.xib */; };
		60146208161FCA30004FAB65 /* DealMaker.xcdatamodeld in Sources */ = {isa = PBXBuildFile; fileRef = 60146206161FCA30004FAB65 /* DealMaker.xcdatamodeld */; };
		6017F04D165C564400DB72EB /* ProfileViewController.xib in Resources */ = {isa = PBXBuildFile; fileRef = 6017F04C165C564400DB72EB /* ProfileViewController.xib */; };
		6017F04E165C567C00DB72EB /* ProfileViewController.m in Sources */ = {isa = PBXBuildFile; fileRef = 6017F04B165C563100DB72EB /* ProfileViewController.m */; };
		60197AF7165005F000DF13A6 /* CreateDealViewController.m in Sources */ = {isa = PBXBuildFile; fileRef = 60197AF5165005F000DF13A6 /* CreateDealViewController.m */; };
		60197AF8165005F000DF13A6 /* CreateDealViewController.xib in Resources */ = {isa = PBXBuildFile; fileRef = 60197AF6165005F000DF13A6 /* CreateDealViewController.xib */; };
		60197B381651AC5D00DF13A6 /* MBProgressHUD.m in Sources */ = {isa = PBXBuildFile; fileRef = 60197B371651AC1F00DF13A6 /* MBProgressHUD.m */; };
		602874E816211E3C00EE51B0 /* DealsViewController.m in Sources */ = {isa = PBXBuildFile; fileRef = 602874E716211E3C00EE51B0 /* DealsViewController.m */; };
		6051C7FE16602FE300F91C6E /* MapPostViewController.m in Sources */ = {isa = PBXBuildFile; fileRef = 6051C7FC16602FE300F91C6E /* MapPostViewController.m */; };
		6051C7FF16602FE300F91C6E /* MapPostViewController.xib in Resources */ = {isa = PBXBuildFile; fileRef = 6051C7FD16602FE300F91C6E /* MapPostViewController.xib */; };
		6051C80A166034F000F91C6E /* MapKit.framework in Frameworks */ = {isa = PBXBuildFile; fileRef = 6051C808166034A700F91C6E /* MapKit.framework */; };
		6051C8251660536700F91C6E /* MapAnnotation.m in Sources */ = {isa = PBXBuildFile; fileRef = 6051C8241660536700F91C6E /* MapAnnotation.m */; };
		605AC4A3161E5F710046245F /* ItemCell.m in Sources */ = {isa = PBXBuildFile; fileRef = 605AC490161E5EC40046245F /* ItemCell.m */; };
		605AC4A4161E5F710046245F /* ImageStore.m in Sources */ = {isa = PBXBuildFile; fileRef = 605AC48F161E5EC40046245F /* ImageStore.m */; };
		605AC4AA161E5F710046245F /* DealsParseTableController.m in Sources */ = {isa = PBXBuildFile; fileRef = 605AC4A1161E5ECE0046245F /* DealsParseTableController.m */; };
		605AC4AB161E5F710046245F /* DealsItemViewController.m in Sources */ = {isa = PBXBuildFile; fileRef = 605AC497161E5EC40046245F /* DealsItemViewController.m */; };
		608375D51657EAF60010FD72 /* PAWActivityView.m in Sources */ = {isa = PBXBuildFile; fileRef = 60E37CB11657E84E0078E24D /* PAWActivityView.m */; };
		60A91AFD15D953430068CCF2 /* AudioToolbox.framework in Frameworks */ = {isa = PBXBuildFile; fileRef = 60A91AFC15D953430068CCF2 /* AudioToolbox.framework */; };
		60A91AFF15D9534C0068CCF2 /* CFNetwork.framework in Frameworks */ = {isa = PBXBuildFile; fileRef = 60A91AFE15D9534C0068CCF2 /* CFNetwork.framework */; };
		60A91B0115D953740068CCF2 /* libz.1.1.3.dylib in Frameworks */ = {isa = PBXBuildFile; fileRef = 60A91B0015D953740068CCF2 /* libz.1.1.3.dylib */; };
		60A91B0315D953880068CCF2 /* MobileCoreServices.framework in Frameworks */ = {isa = PBXBuildFile; fileRef = 60A91B0215D953880068CCF2 /* MobileCoreServices.framework */; };
		60A91B0515D953920068CCF2 /* QuartzCore.framework in Frameworks */ = {isa = PBXBuildFile; fileRef = 60A91B0415D953920068CCF2 /* QuartzCore.framework */; };
		60A91B0715D9539C0068CCF2 /* Security.framework in Frameworks */ = {isa = PBXBuildFile; fileRef = 60A91B0615D9539C0068CCF2 /* Security.framework */; };
		60A91B0915D953A10068CCF2 /* StoreKit.framework in Frameworks */ = {isa = PBXBuildFile; fileRef = 60A91B0815D953A10068CCF2 /* StoreKit.framework */; };
		60A91B0B15D953A80068CCF2 /* SystemConfiguration.framework in Frameworks */ = {isa = PBXBuildFile; fileRef = 60A91B0A15D953A80068CCF2 /* SystemConfiguration.framework */; };
		60B48F4715A892F000A52C2E /* UIKit.framework in Frameworks */ = {isa = PBXBuildFile; fileRef = 60B48F4615A892F000A52C2E /* UIKit.framework */; };
		60B48F4915A892F000A52C2E /* Foundation.framework in Frameworks */ = {isa = PBXBuildFile; fileRef = 60B48F4815A892F000A52C2E /* Foundation.framework */; };
		60B48F4B15A892F000A52C2E /* CoreGraphics.framework in Frameworks */ = {isa = PBXBuildFile; fileRef = 60B48F4A15A892F000A52C2E /* CoreGraphics.framework */; };
		60B48F5115A892F000A52C2E /* InfoPlist.strings in Resources */ = {isa = PBXBuildFile; fileRef = 60B48F4F15A892F000A52C2E /* InfoPlist.strings */; };
		60B48F5315A892F000A52C2E /* main.m in Sources */ = {isa = PBXBuildFile; fileRef = 60B48F5215A892F000A52C2E /* main.m */; };
		60B48F5715A892F000A52C2E /* DealAppDelegate.m in Sources */ = {isa = PBXBuildFile; fileRef = 60B48F5615A892F000A52C2E /* DealAppDelegate.m */; };
		60B48F7815A89E8200A52C2E /* Hypno.png in Resources */ = {isa = PBXBuildFile; fileRef = 60B48F7415A89E8200A52C2E /* Hypno.png */; };
		60B48F7915A89E8200A52C2E /* Hypno@2x.png in Resources */ = {isa = PBXBuildFile; fileRef = 60B48F7515A89E8200A52C2E /* Hypno@2x.png */; };
		60B48F7A15A89E8200A52C2E /* Time.png in Resources */ = {isa = PBXBuildFile; fileRef = 60B48F7615A89E8200A52C2E /* Time.png */; };
		60B48F7B15A89E8200A52C2E /* Time@2x.png in Resources */ = {isa = PBXBuildFile; fileRef = 60B48F7715A89E8200A52C2E /* Time@2x.png */; };
		60C1076316448EAC00B8379B /* Parse.framework in Frameworks */ = {isa = PBXBuildFile; fileRef = 60C1076216448EAC00B8379B /* Parse.framework */; };
		60C1076516448EBA00B8379B /* Accounts.framework in Frameworks */ = {isa = PBXBuildFile; fileRef = 60C1076416448EBA00B8379B /* Accounts.framework */; };
		60C1076716448EC000B8379B /* AdSupport.framework in Frameworks */ = {isa = PBXBuildFile; fileRef = 60C1076616448EC000B8379B /* AdSupport.framework */; };
		60C1076916448EDD00B8379B /* libsqlite3.dylib in Frameworks */ = {isa = PBXBuildFile; fileRef = 60C1076816448EDD00B8379B /* libsqlite3.dylib */; };
		60C1076B16448EF600B8379B /* Social.framework in Frameworks */ = {isa = PBXBuildFile; fileRef = 60C1076A16448EF600B8379B /* Social.framework */; };
		60DDD1C616641CF50018EA8B /* mappin.png in Resources */ = {isa = PBXBuildFile; fileRef = 60DDD1C516641CF50018EA8B /* mappin.png */; };
		60E0E5CB16C94BB7008D5F1A /* 1.PNG in Resources */ = {isa = PBXBuildFile; fileRef = 60E0E5C716C94BB7008D5F1A /* 1.PNG */; };
		60E0E5CC16C94BB7008D5F1A /* 2.PNG in Resources */ = {isa = PBXBuildFile; fileRef = 60E0E5C816C94BB7008D5F1A /* 2.PNG */; };
		60E0E5CD16C94BB7008D5F1A /* 3.PNG in Resources */ = {isa = PBXBuildFile; fileRef = 60E0E5C916C94BB7008D5F1A /* 3.PNG */; };
		60E0E5CE16C94BB7008D5F1A /* 4.PNG in Resources */ = {isa = PBXBuildFile; fileRef = 60E0E5CA16C94BB7008D5F1A /* 4.PNG */; };
		60E5E85C1669A6C5006070B8 /* Icon@2x.png in Resources */ = {isa = PBXBuildFile; fileRef = 60E5E85B1669A6C5006070B8 /* Icon@2x.png */; };
		60E5E8791669CC86006070B8 /* Default@2x.png in Resources */ = {isa = PBXBuildFile; fileRef = 60E5E8771669CC86006070B8 /* Default@2x.png */; };
		60E5E87A1669CC86006070B8 /* Default.png in Resources */ = {isa = PBXBuildFile; fileRef = 60E5E8781669CC86006070B8 /* Default.png */; };
		60E5E8821669E5A1006070B8 /* Icon.png in Resources */ = {isa = PBXBuildFile; fileRef = 60E5E8811669E5A1006070B8 /* Icon.png */; };
		60E5E8851669E5D6006070B8 /* Icon-Small.png in Resources */ = {isa = PBXBuildFile; fileRef = 60E5E8831669E5D6006070B8 /* Icon-Small.png */; };
		60E5E8861669E5D6006070B8 /* Icon-Small@2x.png in Resources */ = {isa = PBXBuildFile; fileRef = 60E5E8841669E5D6006070B8 /* Icon-Small@2x.png */; };
		60EA6FCD162749E600A1B765 /* UserViewController.m in Sources */ = {isa = PBXBuildFile; fileRef = 60EA6FCB162749E600A1B765 /* UserViewController.m */; };
		60EA6FCE162749E600A1B765 /* UserViewController.xib in Resources */ = {isa = PBXBuildFile; fileRef = 60EA6FCC162749E600A1B765 /* UserViewController.xib */; };
		60ED9C26166EEE2D004FE754 /* tempProfileImage@2x.png in Resources */ = {isa = PBXBuildFile; fileRef = 60ED9C24166EEE2D004FE754 /* tempProfileImage@2x.png */; };
		60ED9C27166EEE2D004FE754 /* tempProfileImage.png in Resources */ = {isa = PBXBuildFile; fileRef = 60ED9C25166EEE2D004FE754 /* tempProfileImage.png */; };
		60ED9ED416653940005D8DD6 /* mappin@2x.png in Resources */ = {isa = PBXBuildFile; fileRef = 60ED9ED316653940005D8DD6 /* mappin@2x.png */; };
		60ED9ED7166539D3005D8DD6 /* search@2x.png in Resources */ = {isa = PBXBuildFile; fileRef = 60ED9ED5166539D3005D8DD6 /* search@2x.png */; };
		60ED9ED8166539D3005D8DD6 /* search.png in Resources */ = {isa = PBXBuildFile; fileRef = 60ED9ED6166539D3005D8DD6 /* search.png */; };
		60ED9EDB16653B06005D8DD6 /* dealtabimage@2x.png in Resources */ = {isa = PBXBuildFile; fileRef = 60ED9ED916653B06005D8DD6 /* dealtabimage@2x.png */; };
		60ED9EEA166540D6005D8DD6 /* dealtabimage.png in Resources */ = {isa = PBXBuildFile; fileRef = 60ED9EE9166540D6005D8DD6 /* dealtabimage.png */; };
		60ED9F2116655A7C005D8DD6 /* usertabimage.png in Resources */ = {isa = PBXBuildFile; fileRef = 60ED9F1F16655A7C005D8DD6 /* usertabimage.png */; };
		60ED9F2216655A7C005D8DD6 /* usertabimage@2x.png in Resources */ = {isa = PBXBuildFile; fileRef = 60ED9F2016655A7C005D8DD6 /* usertabimage@2x.png */; };
		60F151A8163B04C9004527BD /* UserParseTableController.m in Sources */ = {isa = PBXBuildFile; fileRef = 60F151A7163B04C9004527BD /* UserParseTableController.m */; };
		60F423D016389A91004EB95A /* LocationDataManager.m in Sources */ = {isa = PBXBuildFile; fileRef = 60F423CF16389A91004EB95A /* LocationDataManager.m */; };
		60F423D716389BE8004EB95A /* CoreLocation.framework in Frameworks */ = {isa = PBXBuildFile; fileRef = 60F423D616389BE8004EB95A /* CoreLocation.framework */; };
		60F470DB1657429000AC1D02 /* WelcomeViewController.m in Sources */ = {isa = PBXBuildFile; fileRef = 60F470D91657429000AC1D02 /* WelcomeViewController.m */; };
		60F470DC1657429000AC1D02 /* WelcomeViewController.xib in Resources */ = {isa = PBXBuildFile; fileRef = 60F470DA1657429000AC1D02 /* WelcomeViewController.xib */; };
		60F470E01657512900AC1D02 /* NewUserViewController.m in Sources */ = {isa = PBXBuildFile; fileRef = 60F470DE1657512900AC1D02 /* NewUserViewController.m */; };
		60F470E11657512900AC1D02 /* NewUserViewController.xib in Resources */ = {isa = PBXBuildFile; fileRef = 60F470DF1657512900AC1D02 /* NewUserViewController.xib */; };
		60F470E51657514100AC1D02 /* LoginViewController.m in Sources */ = {isa = PBXBuildFile; fileRef = 60F470E31657514000AC1D02 /* LoginViewController.m */; };
		60F470E61657514100AC1D02 /* LoginViewController.xib in Resources */ = {isa = PBXBuildFile; fileRef = 60F470E41657514100AC1D02 /* LoginViewController.xib */; };
		60F620F616667C5700368E10 /* profiletabimage.png in Resources */ = {isa = PBXBuildFile; fileRef = 60F620F416667C5700368E10 /* profiletabimage.png */; };
		60F620F716667C5700368E10 /* profiletabimage@2x.png in Resources */ = {isa = PBXBuildFile; fileRef = 60F620F516667C5700368E10 /* profiletabimage@2x.png */; };
		60F621061666DA5600368E10 /* placeholderimage@2x.png in Resources */ = {isa = PBXBuildFile; fileRef = 60F621041666DA5600368E10 /* placeholderimage@2x.png */; };
		60F621071666DA5600368E10 /* placeholderimage.png in Resources */ = {isa = PBXBuildFile; fileRef = 60F621051666DA5600368E10 /* placeholderimage.png */; };
		60FD86A415BF23FC000BDCCB /* CoreData.framework in Frameworks */ = {isa = PBXBuildFile; fileRef = 60FD86A315BF23FC000BDCCB /* CoreData.framework */; };
/* End PBXBuildFile section */

/* Begin PBXFileReference section */
		600118C91628AB5C009E019D /* UserPostViewController.h */ = {isa = PBXFileReference; fileEncoding = 4; lastKnownFileType = sourcecode.c.h; name = UserPostViewController.h; path = HotDeals/UserPostViewController.h; sourceTree = "<group>"; };
		600118CA1628AB5C009E019D /* UserPostViewController.m */ = {isa = PBXFileReference; fileEncoding = 4; lastKnownFileType = sourcecode.c.objc; name = UserPostViewController.m; path = HotDeals/UserPostViewController.m; sourceTree = "<group>"; };
		600118CB1628AB5C009E019D /* UserPostViewController.xib */ = {isa = PBXFileReference; fileEncoding = 4; lastKnownFileType = file.xib; name = UserPostViewController.xib; path = HotDeals/UserPostViewController.xib; sourceTree = "<group>"; };
		60146207161FCA30004FAB65 /* DealMaker.xcdatamodel */ = {isa = PBXFileReference; lastKnownFileType = wrapper.xcdatamodel; path = DealMaker.xcdatamodel; sourceTree = "<group>"; };
		6017F04A165C563100DB72EB /* ProfileViewController.h */ = {isa = PBXFileReference; lastKnownFileType = sourcecode.c.h; name = ProfileViewController.h; path = HotDeals/ProfileViewController.h; sourceTree = "<group>"; };
		6017F04B165C563100DB72EB /* ProfileViewController.m */ = {isa = PBXFileReference; lastKnownFileType = sourcecode.c.objc; name = ProfileViewController.m; path = HotDeals/ProfileViewController.m; sourceTree = "<group>"; };
		6017F04C165C564400DB72EB /* ProfileViewController.xib */ = {isa = PBXFileReference; fileEncoding = 4; lastKnownFileType = file.xib; name = ProfileViewController.xib; path = HotDeals/ProfileViewController.xib; sourceTree = "<group>"; };
		60197AF4165005F000DF13A6 /* CreateDealViewController.h */ = {isa = PBXFileReference; fileEncoding = 4; lastKnownFileType = sourcecode.c.h; name = CreateDealViewController.h; path = HotDeals/CreateDealViewController.h; sourceTree = "<group>"; };
		60197AF5165005F000DF13A6 /* CreateDealViewController.m */ = {isa = PBXFileReference; fileEncoding = 4; lastKnownFileType = sourcecode.c.objc; name = CreateDealViewController.m; path = HotDeals/CreateDealViewController.m; sourceTree = "<group>"; };
		60197AF6165005F000DF13A6 /* CreateDealViewController.xib */ = {isa = PBXFileReference; fileEncoding = 4; lastKnownFileType = file.xib; name = CreateDealViewController.xib; path = HotDeals/CreateDealViewController.xib; sourceTree = "<group>"; };
		60197B361651AC1F00DF13A6 /* MBProgressHUD.h */ = {isa = PBXFileReference; lastKnownFileType = sourcecode.c.h; name = MBProgressHUD.h; path = HotDeals/MBProgressHUD.h; sourceTree = "<group>"; };
		60197B371651AC1F00DF13A6 /* MBProgressHUD.m */ = {isa = PBXFileReference; lastKnownFileType = sourcecode.c.objc; name = MBProgressHUD.m; path = HotDeals/MBProgressHUD.m; sourceTree = "<group>"; };
		602874E716211E3C00EE51B0 /* DealsViewController.m */ = {isa = PBXFileReference; fileEncoding = 4; lastKnownFileType = sourcecode.c.objc; name = DealsViewController.m; path = HotDeals/DealsViewController.m; sourceTree = "<group>"; };
		6051C7FB16602FE300F91C6E /* MapPostViewController.h */ = {isa = PBXFileReference; fileEncoding = 4; lastKnownFileType = sourcecode.c.h; name = MapPostViewController.h; path = HotDeals/MapPostViewController.h; sourceTree = "<group>"; };
		6051C7FC16602FE300F91C6E /* MapPostViewController.m */ = {isa = PBXFileReference; fileEncoding = 4; lastKnownFileType = sourcecode.c.objc; name = MapPostViewController.m; path = HotDeals/MapPostViewController.m; sourceTree = "<group>"; };
		6051C7FD16602FE300F91C6E /* MapPostViewController.xib */ = {isa = PBXFileReference; fileEncoding = 4; lastKnownFileType = file.xib; name = MapPostViewController.xib; path = HotDeals/MapPostViewController.xib; sourceTree = "<group>"; };
		6051C808166034A700F91C6E /* MapKit.framework */ = {isa = PBXFileReference; lastKnownFileType = wrapper.framework; name = MapKit.framework; path = System/Library/Frameworks/MapKit.framework; sourceTree = SDKROOT; };
		6051C8231660536700F91C6E /* MapAnnotation.h */ = {isa = PBXFileReference; fileEncoding = 4; lastKnownFileType = sourcecode.c.h; name = MapAnnotation.h; path = HotDeals/MapAnnotation.h; sourceTree = "<group>"; };
		6051C8241660536700F91C6E /* MapAnnotation.m */ = {isa = PBXFileReference; fileEncoding = 4; lastKnownFileType = sourcecode.c.objc; name = MapAnnotation.m; path = HotDeals/MapAnnotation.m; sourceTree = "<group>"; };
		605AC48C161E5EC40046245F /* DealsViewController.h */ = {isa = PBXFileReference; lastKnownFileType = sourcecode.c.h; name = DealsViewController.h; path = HotDeals/DealsViewController.h; sourceTree = "<group>"; };
		605AC48D161E5EC40046245F /* DealsViewController.xib */ = {isa = PBXFileReference; lastKnownFileType = file.xib; name = DealsViewController.xib; path = HotDeals/DealsViewController.xib; sourceTree = "<group>"; };
		605AC48E161E5EC40046245F /* ImageStore.h */ = {isa = PBXFileReference; lastKnownFileType = sourcecode.c.h; name = ImageStore.h; path = HotDeals/ImageStore.h; sourceTree = "<group>"; };
		605AC48F161E5EC40046245F /* ImageStore.m */ = {isa = PBXFileReference; lastKnownFileType = sourcecode.c.objc; name = ImageStore.m; path = HotDeals/ImageStore.m; sourceTree = "<group>"; };
		605AC490161E5EC40046245F /* ItemCell.m */ = {isa = PBXFileReference; lastKnownFileType = sourcecode.c.objc; name = ItemCell.m; path = HotDeals/ItemCell.m; sourceTree = "<group>"; };
		605AC491161E5EC40046245F /* ItemCell.xib */ = {isa = PBXFileReference; lastKnownFileType = file.xib; name = ItemCell.xib; path = HotDeals/ItemCell.xib; sourceTree = "<group>"; };
		605AC496161E5EC40046245F /* DealsItemViewController.h */ = {isa = PBXFileReference; lastKnownFileType = sourcecode.c.h; name = DealsItemViewController.h; path = HotDeals/DealsItemViewController.h; sourceTree = "<group>"; };
		605AC497161E5EC40046245F /* DealsItemViewController.m */ = {isa = PBXFileReference; lastKnownFileType = sourcecode.c.objc; name = DealsItemViewController.m; path = HotDeals/DealsItemViewController.m; sourceTree = "<group>"; };
		605AC498161E5EC40046245F /* DealsItemViewController.xib */ = {isa = PBXFileReference; lastKnownFileType = file.xib; name = DealsItemViewController.xib; path = HotDeals/DealsItemViewController.xib; sourceTree = "<group>"; };
		605AC49B161E5EC40046245F /* DealsParseTableController.h */ = {isa = PBXFileReference; lastKnownFileType = sourcecode.c.h; name = DealsParseTableController.h; path = HotDeals/DealsParseTableController.h; sourceTree = "<group>"; };
		605AC49D161E5ECE0046245F /* ItemCell.h */ = {isa = PBXFileReference; lastKnownFileType = sourcecode.c.h; name = ItemCell.h; path = HotDeals/ItemCell.h; sourceTree = "<group>"; };
		605AC4A1161E5ECE0046245F /* DealsParseTableController.m */ = {isa = PBXFileReference; lastKnownFileType = sourcecode.c.objc; name = DealsParseTableController.m; path = HotDeals/DealsParseTableController.m; sourceTree = "<group>"; };
		60A91AFC15D953430068CCF2 /* AudioToolbox.framework */ = {isa = PBXFileReference; lastKnownFileType = wrapper.framework; name = AudioToolbox.framework; path = System/Library/Frameworks/AudioToolbox.framework; sourceTree = SDKROOT; };
		60A91AFE15D9534C0068CCF2 /* CFNetwork.framework */ = {isa = PBXFileReference; lastKnownFileType = wrapper.framework; name = CFNetwork.framework; path = System/Library/Frameworks/CFNetwork.framework; sourceTree = SDKROOT; };
		60A91B0015D953740068CCF2 /* libz.1.1.3.dylib */ = {isa = PBXFileReference; lastKnownFileType = "compiled.mach-o.dylib"; name = libz.1.1.3.dylib; path = usr/lib/libz.1.1.3.dylib; sourceTree = SDKROOT; };
		60A91B0215D953880068CCF2 /* MobileCoreServices.framework */ = {isa = PBXFileReference; lastKnownFileType = wrapper.framework; name = MobileCoreServices.framework; path = System/Library/Frameworks/MobileCoreServices.framework; sourceTree = SDKROOT; };
		60A91B0415D953920068CCF2 /* QuartzCore.framework */ = {isa = PBXFileReference; lastKnownFileType = wrapper.framework; name = QuartzCore.framework; path = System/Library/Frameworks/QuartzCore.framework; sourceTree = SDKROOT; };
		60A91B0615D9539C0068CCF2 /* Security.framework */ = {isa = PBXFileReference; lastKnownFileType = wrapper.framework; name = Security.framework; path = System/Library/Frameworks/Security.framework; sourceTree = SDKROOT; };
		60A91B0815D953A10068CCF2 /* StoreKit.framework */ = {isa = PBXFileReference; lastKnownFileType = wrapper.framework; name = StoreKit.framework; path = System/Library/Frameworks/StoreKit.framework; sourceTree = SDKROOT; };
		60A91B0A15D953A80068CCF2 /* SystemConfiguration.framework */ = {isa = PBXFileReference; lastKnownFileType = wrapper.framework; name = SystemConfiguration.framework; path = System/Library/Frameworks/SystemConfiguration.framework; sourceTree = SDKROOT; };
		60B48F4215A892F000A52C2E /* DealMaker1.app */ = {isa = PBXFileReference; explicitFileType = wrapper.application; includeInIndex = 0; path = DealMaker1.app; sourceTree = BUILT_PRODUCTS_DIR; };
		60B48F4615A892F000A52C2E /* UIKit.framework */ = {isa = PBXFileReference; lastKnownFileType = wrapper.framework; name = UIKit.framework; path = System/Library/Frameworks/UIKit.framework; sourceTree = SDKROOT; };
		60B48F4815A892F000A52C2E /* Foundation.framework */ = {isa = PBXFileReference; lastKnownFileType = wrapper.framework; name = Foundation.framework; path = System/Library/Frameworks/Foundation.framework; sourceTree = SDKROOT; };
		60B48F4A15A892F000A52C2E /* CoreGraphics.framework */ = {isa = PBXFileReference; lastKnownFileType = wrapper.framework; name = CoreGraphics.framework; path = System/Library/Frameworks/CoreGraphics.framework; sourceTree = SDKROOT; };
		60B48F4E15A892F000A52C2E /* DealMaker1-Info.plist */ = {isa = PBXFileReference; lastKnownFileType = text.plist.xml; path = "DealMaker1-Info.plist"; sourceTree = "<group>"; };
		60B48F5015A892F000A52C2E /* en */ = {isa = PBXFileReference; lastKnownFileType = text.plist.strings; name = en; path = en.lproj/InfoPlist.strings; sourceTree = "<group>"; };
		60B48F5215A892F000A52C2E /* main.m */ = {isa = PBXFileReference; lastKnownFileType = sourcecode.c.objc; path = main.m; sourceTree = "<group>"; };
		60B48F5415A892F000A52C2E /* DealMaker1-Prefix.pch */ = {isa = PBXFileReference; lastKnownFileType = sourcecode.c.h; path = "DealMaker1-Prefix.pch"; sourceTree = "<group>"; };
		60B48F5515A892F000A52C2E /* DealAppDelegate.h */ = {isa = PBXFileReference; lastKnownFileType = sourcecode.c.h; path = DealAppDelegate.h; sourceTree = "<group>"; };
		60B48F5615A892F000A52C2E /* DealAppDelegate.m */ = {isa = PBXFileReference; lastKnownFileType = sourcecode.c.objc; path = DealAppDelegate.m; sourceTree = "<group>"; };
		60B48F7415A89E8200A52C2E /* Hypno.png */ = {isa = PBXFileReference; lastKnownFileType = image.png; path = Hypno.png; sourceTree = "<group>"; };
		60B48F7515A89E8200A52C2E /* Hypno@2x.png */ = {isa = PBXFileReference; lastKnownFileType = image.png; path = "Hypno@2x.png"; sourceTree = "<group>"; };
		60B48F7615A89E8200A52C2E /* Time.png */ = {isa = PBXFileReference; lastKnownFileType = image.png; path = Time.png; sourceTree = "<group>"; };
		60B48F7715A89E8200A52C2E /* Time@2x.png */ = {isa = PBXFileReference; lastKnownFileType = image.png; path = "Time@2x.png"; sourceTree = "<group>"; };
		60C1076216448EAC00B8379B /* Parse.framework */ = {isa = PBXFileReference; lastKnownFileType = wrapper.framework; path = Parse.framework; sourceTree = "<group>"; };
		60C1076416448EBA00B8379B /* Accounts.framework */ = {isa = PBXFileReference; lastKnownFileType = wrapper.framework; name = Accounts.framework; path = System/Library/Frameworks/Accounts.framework; sourceTree = SDKROOT; };
		60C1076616448EC000B8379B /* AdSupport.framework */ = {isa = PBXFileReference; lastKnownFileType = wrapper.framework; name = AdSupport.framework; path = System/Library/Frameworks/AdSupport.framework; sourceTree = SDKROOT; };
		60C1076816448EDD00B8379B /* libsqlite3.dylib */ = {isa = PBXFileReference; lastKnownFileType = "compiled.mach-o.dylib"; name = libsqlite3.dylib; path = usr/lib/libsqlite3.dylib; sourceTree = SDKROOT; };
		60C1076A16448EF600B8379B /* Social.framework */ = {isa = PBXFileReference; lastKnownFileType = wrapper.framework; name = Social.framework; path = System/Library/Frameworks/Social.framework; sourceTree = SDKROOT; };
		60DDD1C516641CF50018EA8B /* mappin.png */ = {isa = PBXFileReference; lastKnownFileType = image.png; path = mappin.png; sourceTree = "<group>"; };
		60E0E5C716C94BB7008D5F1A /* 1.PNG */ = {isa = PBXFileReference; lastKnownFileType = image.png; path = 1.PNG; sourceTree = "<group>"; };
		60E0E5C816C94BB7008D5F1A /* 2.PNG */ = {isa = PBXFileReference; lastKnownFileType = image.png; path = 2.PNG; sourceTree = "<group>"; };
		60E0E5C916C94BB7008D5F1A /* 3.PNG */ = {isa = PBXFileReference; lastKnownFileType = image.png; path = 3.PNG; sourceTree = "<group>"; };
		60E0E5CA16C94BB7008D5F1A /* 4.PNG */ = {isa = PBXFileReference; lastKnownFileType = image.png; path = 4.PNG; sourceTree = "<group>"; };
		60E37CB01657E84E0078E24D /* PAWActivityView.h */ = {isa = PBXFileReference; lastKnownFileType = sourcecode.c.h; name = PAWActivityView.h; path = HotDeals/PAWActivityView.h; sourceTree = "<group>"; };
		60E37CB11657E84E0078E24D /* PAWActivityView.m */ = {isa = PBXFileReference; lastKnownFileType = sourcecode.c.objc; name = PAWActivityView.m; path = HotDeals/PAWActivityView.m; sourceTree = "<group>"; };
		60E5E85B1669A6C5006070B8 /* Icon@2x.png */ = {isa = PBXFileReference; lastKnownFileType = image.png; name = "Icon@2x.png"; path = "../Images/Icon@2x.png"; sourceTree = "<group>"; };
		60E5E8771669CC86006070B8 /* Default@2x.png */ = {isa = PBXFileReference; lastKnownFileType = image.png; path = "Default@2x.png"; sourceTree = "<group>"; };
		60E5E8781669CC86006070B8 /* Default.png */ = {isa = PBXFileReference; lastKnownFileType = image.png; path = Default.png; sourceTree = "<group>"; };
		60E5E87B1669D3AA006070B8 /* Default-568h@2x.png */ = {isa = PBXFileReference; lastKnownFileType = image.png; path = "Default-568h@2x.png"; sourceTree = "<group>"; };
		60E5E8811669E5A1006070B8 /* Icon.png */ = {isa = PBXFileReference; lastKnownFileType = image.png; path = Icon.png; sourceTree = "<group>"; };
		60E5E8831669E5D6006070B8 /* Icon-Small.png */ = {isa = PBXFileReference; lastKnownFileType = image.png; path = "Icon-Small.png"; sourceTree = "<group>"; };
		60E5E8841669E5D6006070B8 /* Icon-Small@2x.png */ = {isa = PBXFileReference; lastKnownFileType = image.png; path = "Icon-Small@2x.png"; sourceTree = "<group>"; };
		60E5E8871669E5DB006070B8 /* iTunesArtwork */ = {isa = PBXFileReference; lastKnownFileType = file; path = iTunesArtwork; sourceTree = "<group>"; };
		60E5E8881669E5DC006070B8 /* iTunesArtwork@2x */ = {isa = PBXFileReference; lastKnownFileType = file; path = "iTunesArtwork@2x"; sourceTree = "<group>"; };
		60EA6FCA162749E600A1B765 /* UserViewController.h */ = {isa = PBXFileReference; fileEncoding = 4; lastKnownFileType = sourcecode.c.h; name = UserViewController.h; path = HotDeals/UserViewController.h; sourceTree = "<group>"; };
		60EA6FCB162749E600A1B765 /* UserViewController.m */ = {isa = PBXFileReference; fileEncoding = 4; lastKnownFileType = sourcecode.c.objc; name = UserViewController.m; path = HotDeals/UserViewController.m; sourceTree = "<group>"; };
		60EA6FCC162749E600A1B765 /* UserViewController.xib */ = {isa = PBXFileReference; fileEncoding = 4; lastKnownFileType = file.xib; name = UserViewController.xib; path = HotDeals/UserViewController.xib; sourceTree = "<group>"; };
		60ED9C24166EEE2D004FE754 /* tempProfileImage@2x.png */ = {isa = PBXFileReference; lastKnownFileType = image.png; path = "tempProfileImage@2x.png"; sourceTree = "<group>"; };
		60ED9C25166EEE2D004FE754 /* tempProfileImage.png */ = {isa = PBXFileReference; lastKnownFileType = image.png; path = tempProfileImage.png; sourceTree = "<group>"; };
		60ED9ED316653940005D8DD6 /* mappin@2x.png */ = {isa = PBXFileReference; lastKnownFileType = image.png; path = "mappin@2x.png"; sourceTree = "<group>"; };
		60ED9ED5166539D3005D8DD6 /* search@2x.png */ = {isa = PBXFileReference; lastKnownFileType = image.png; path = "search@2x.png"; sourceTree = "<group>"; };
		60ED9ED6166539D3005D8DD6 /* search.png */ = {isa = PBXFileReference; lastKnownFileType = image.png; path = search.png; sourceTree = "<group>"; };
		60ED9ED916653B06005D8DD6 /* dealtabimage@2x.png */ = {isa = PBXFileReference; lastKnownFileType = image.png; path = "dealtabimage@2x.png"; sourceTree = "<group>"; };
		60ED9EE9166540D6005D8DD6 /* dealtabimage.png */ = {isa = PBXFileReference; lastKnownFileType = image.png; path = dealtabimage.png; sourceTree = "<group>"; };
		60ED9F1F16655A7C005D8DD6 /* usertabimage.png */ = {isa = PBXFileReference; lastKnownFileType = image.png; path = usertabimage.png; sourceTree = "<group>"; };
		60ED9F2016655A7C005D8DD6 /* usertabimage@2x.png */ = {isa = PBXFileReference; lastKnownFileType = image.png; path = "usertabimage@2x.png"; sourceTree = "<group>"; };
		60F151A6163B04C9004527BD /* UserParseTableController.h */ = {isa = PBXFileReference; fileEncoding = 4; lastKnownFileType = sourcecode.c.h; name = UserParseTableController.h; path = HotDeals/UserParseTableController.h; sourceTree = "<group>"; };
		60F151A7163B04C9004527BD /* UserParseTableController.m */ = {isa = PBXFileReference; fileEncoding = 4; lastKnownFileType = sourcecode.c.objc; name = UserParseTableController.m; path = HotDeals/UserParseTableController.m; sourceTree = "<group>"; };
		60F423CE16389A91004EB95A /* LocationDataManager.h */ = {isa = PBXFileReference; fileEncoding = 4; lastKnownFileType = sourcecode.c.h; name = LocationDataManager.h; path = HotDeals/LocationDataManager.h; sourceTree = "<group>"; };
		60F423CF16389A91004EB95A /* LocationDataManager.m */ = {isa = PBXFileReference; fileEncoding = 4; lastKnownFileType = sourcecode.c.objc; name = LocationDataManager.m; path = HotDeals/LocationDataManager.m; sourceTree = "<group>"; };
		60F423D616389BE8004EB95A /* CoreLocation.framework */ = {isa = PBXFileReference; lastKnownFileType = wrapper.framework; name = CoreLocation.framework; path = System/Library/Frameworks/CoreLocation.framework; sourceTree = SDKROOT; };
		60F470D81657429000AC1D02 /* WelcomeViewController.h */ = {isa = PBXFileReference; fileEncoding = 4; lastKnownFileType = sourcecode.c.h; name = WelcomeViewController.h; path = HotDeals/WelcomeViewController.h; sourceTree = "<group>"; };
		60F470D91657429000AC1D02 /* WelcomeViewController.m */ = {isa = PBXFileReference; fileEncoding = 4; lastKnownFileType = sourcecode.c.objc; name = WelcomeViewController.m; path = HotDeals/WelcomeViewController.m; sourceTree = "<group>"; };
		60F470DA1657429000AC1D02 /* WelcomeViewController.xib */ = {isa = PBXFileReference; fileEncoding = 4; lastKnownFileType = file.xib; name = WelcomeViewController.xib; path = HotDeals/WelcomeViewController.xib; sourceTree = "<group>"; };
		60F470DD1657512900AC1D02 /* NewUserViewController.h */ = {isa = PBXFileReference; fileEncoding = 4; lastKnownFileType = sourcecode.c.h; name = NewUserViewController.h; path = HotDeals/NewUserViewController.h; sourceTree = "<group>"; };
		60F470DE1657512900AC1D02 /* NewUserViewController.m */ = {isa = PBXFileReference; fileEncoding = 4; lastKnownFileType = sourcecode.c.objc; name = NewUserViewController.m; path = HotDeals/NewUserViewController.m; sourceTree = "<group>"; };
		60F470DF1657512900AC1D02 /* NewUserViewController.xib */ = {isa = PBXFileReference; fileEncoding = 4; lastKnownFileType = file.xib; name = NewUserViewController.xib; path = HotDeals/NewUserViewController.xib; sourceTree = "<group>"; };
		60F470E21657514000AC1D02 /* LoginViewController.h */ = {isa = PBXFileReference; fileEncoding = 4; lastKnownFileType = sourcecode.c.h; name = LoginViewController.h; path = HotDeals/LoginViewController.h; sourceTree = "<group>"; };
		60F470E31657514000AC1D02 /* LoginViewController.m */ = {isa = PBXFileReference; fileEncoding = 4; lastKnownFileType = sourcecode.c.objc; name = LoginViewController.m; path = HotDeals/LoginViewController.m; sourceTree = "<group>"; };
		60F470E41657514100AC1D02 /* LoginViewController.xib */ = {isa = PBXFileReference; fileEncoding = 4; lastKnownFileType = file.xib; name = LoginViewController.xib; path = HotDeals/LoginViewController.xib; sourceTree = "<group>"; };
		60F620F416667C5700368E10 /* profiletabimage.png */ = {isa = PBXFileReference; lastKnownFileType = image.png; path = profiletabimage.png; sourceTree = "<group>"; };
		60F620F516667C5700368E10 /* profiletabimage@2x.png */ = {isa = PBXFileReference; lastKnownFileType = image.png; path = "profiletabimage@2x.png"; sourceTree = "<group>"; };
		60F621041666DA5600368E10 /* placeholderimage@2x.png */ = {isa = PBXFileReference; lastKnownFileType = image.png; path = "placeholderimage@2x.png"; sourceTree = "<group>"; };
		60F621051666DA5600368E10 /* placeholderimage.png */ = {isa = PBXFileReference; lastKnownFileType = image.png; path = placeholderimage.png; sourceTree = "<group>"; };
		60FD86A315BF23FC000BDCCB /* CoreData.framework */ = {isa = PBXFileReference; lastKnownFileType = wrapper.framework; name = CoreData.framework; path = System/Library/Frameworks/CoreData.framework; sourceTree = SDKROOT; };
/* End PBXFileReference section */

/* Begin PBXFrameworksBuildPhase section */
		60B48F3F15A892F000A52C2E /* Frameworks */ = {
			isa = PBXFrameworksBuildPhase;
			buildActionMask = 2147483647;
			files = (
				6051C80A166034F000F91C6E /* MapKit.framework in Frameworks */,
				60C1076B16448EF600B8379B /* Social.framework in Frameworks */,
				60C1076916448EDD00B8379B /* libsqlite3.dylib in Frameworks */,
				60C1076716448EC000B8379B /* AdSupport.framework in Frameworks */,
				60C1076516448EBA00B8379B /* Accounts.framework in Frameworks */,
				60F423D716389BE8004EB95A /* CoreLocation.framework in Frameworks */,
				60A91B0B15D953A80068CCF2 /* SystemConfiguration.framework in Frameworks */,
				60A91B0915D953A10068CCF2 /* StoreKit.framework in Frameworks */,
				60A91B0715D9539C0068CCF2 /* Security.framework in Frameworks */,
				60A91B0515D953920068CCF2 /* QuartzCore.framework in Frameworks */,
				60A91B0315D953880068CCF2 /* MobileCoreServices.framework in Frameworks */,
				60A91B0115D953740068CCF2 /* libz.1.1.3.dylib in Frameworks */,
				60B48F4B15A892F000A52C2E /* CoreGraphics.framework in Frameworks */,
				60A91AFF15D9534C0068CCF2 /* CFNetwork.framework in Frameworks */,
				60A91AFD15D953430068CCF2 /* AudioToolbox.framework in Frameworks */,
				60FD86A415BF23FC000BDCCB /* CoreData.framework in Frameworks */,
				60B48F4715A892F000A52C2E /* UIKit.framework in Frameworks */,
				60B48F4915A892F000A52C2E /* Foundation.framework in Frameworks */,
				60C1076316448EAC00B8379B /* Parse.framework in Frameworks */,
			);
			runOnlyForDeploymentPostprocessing = 0;
		};
/* End PBXFrameworksBuildPhase section */

/* Begin PBXGroup section */
		601B096815B74220000AC5C0 /* Model objects */ = {
			isa = PBXGroup;
			children = (
				60146206161FCA30004FAB65 /* DealMaker.xcdatamodeld */,
				605AC48E161E5EC40046245F /* ImageStore.h */,
				605AC48F161E5EC40046245F /* ImageStore.m */,
				60F423CE16389A91004EB95A /* LocationDataManager.h */,
				60F423CF16389A91004EB95A /* LocationDataManager.m */,
			);
			name = "Model objects";
			sourceTree = "<group>";
		};
		60B48F3715A892F000A52C2E = {
			isa = PBXGroup;
			children = (
				60E0E5C616C94BB7008D5F1A /* profileImage */,
				60E5238515E182CA00D532FA /* Custom Views */,
				601B096815B74220000AC5C0 /* Model objects */,
				60E5238415E182AD00D532FA /* XIB */,
				60E5238215E1829000D532FA /* View Controllers */,
				60B48F4C15A892F000A52C2E /* DealMaker1 */,
				60B48F7315A89E8200A52C2E /* Images */,
				60B48F4515A892F000A52C2E /* Frameworks */,
				60B48F4315A892F000A52C2E /* Products */,
			);
			sourceTree = "<group>";
		};
		60B48F4315A892F000A52C2E /* Products */ = {
			isa = PBXGroup;
			children = (
				60B48F4215A892F000A52C2E /* DealMaker1.app */,
			);
			name = Products;
			sourceTree = "<group>";
		};
		60B48F4515A892F000A52C2E /* Frameworks */ = {
			isa = PBXGroup;
			children = (
				6051C808166034A700F91C6E /* MapKit.framework */,
				60C1076416448EBA00B8379B /* Accounts.framework */,
				60C1076816448EDD00B8379B /* libsqlite3.dylib */,
				60C1076A16448EF600B8379B /* Social.framework */,
				60C1076616448EC000B8379B /* AdSupport.framework */,
				60C1076216448EAC00B8379B /* Parse.framework */,
				60F423D616389BE8004EB95A /* CoreLocation.framework */,
				60A91B0A15D953A80068CCF2 /* SystemConfiguration.framework */,
				60A91B0815D953A10068CCF2 /* StoreKit.framework */,
				60A91B0615D9539C0068CCF2 /* Security.framework */,
				60A91B0415D953920068CCF2 /* QuartzCore.framework */,
				60A91B0215D953880068CCF2 /* MobileCoreServices.framework */,
				60A91B0015D953740068CCF2 /* libz.1.1.3.dylib */,
				60A91AFE15D9534C0068CCF2 /* CFNetwork.framework */,
				60A91AFC15D953430068CCF2 /* AudioToolbox.framework */,
				60FD86A315BF23FC000BDCCB /* CoreData.framework */,
				60B48F4615A892F000A52C2E /* UIKit.framework */,
				60B48F4815A892F000A52C2E /* Foundation.framework */,
				60B48F4A15A892F000A52C2E /* CoreGraphics.framework */,
			);
			name = Frameworks;
			sourceTree = "<group>";
		};
		60B48F4C15A892F000A52C2E /* DealMaker1 */ = {
			isa = PBXGroup;
			children = (
				60B48F5515A892F000A52C2E /* DealAppDelegate.h */,
				60B48F5615A892F000A52C2E /* DealAppDelegate.m */,
				60B48F4D15A892F000A52C2E /* Supporting Files */,
			);
			path = DealMaker1;
			sourceTree = "<group>";
		};
		60B48F4D15A892F000A52C2E /* Supporting Files */ = {
			isa = PBXGroup;
			children = (
				60B9EE67166D49D200DDED76 /* Assets */,
				60B48F4E15A892F000A52C2E /* DealMaker1-Info.plist */,
				60B48F4F15A892F000A52C2E /* InfoPlist.strings */,
				60B48F5215A892F000A52C2E /* main.m */,
				60B48F5415A892F000A52C2E /* DealMaker1-Prefix.pch */,
				60E5E87B1669D3AA006070B8 /* Default-568h@2x.png */,
			);
			name = "Supporting Files";
			sourceTree = "<group>";
		};
		60B48F7315A89E8200A52C2E /* Images */ = {
			isa = PBXGroup;
			children = (
				60ED9C24166EEE2D004FE754 /* tempProfileImage@2x.png */,
				60ED9C25166EEE2D004FE754 /* tempProfileImage.png */,
				60F621041666DA5600368E10 /* placeholderimage@2x.png */,
				60F621051666DA5600368E10 /* placeholderimage.png */,
				60F620F416667C5700368E10 /* profiletabimage.png */,
				60F620F516667C5700368E10 /* profiletabimage@2x.png */,
				60ED9F1F16655A7C005D8DD6 /* usertabimage.png */,
				60ED9F2016655A7C005D8DD6 /* usertabimage@2x.png */,
				60ED9EE9166540D6005D8DD6 /* dealtabimage.png */,
				60ED9ED916653B06005D8DD6 /* dealtabimage@2x.png */,
				60ED9ED5166539D3005D8DD6 /* search@2x.png */,
				60ED9ED6166539D3005D8DD6 /* search.png */,
				60ED9ED316653940005D8DD6 /* mappin@2x.png */,
				60DDD1C516641CF50018EA8B /* mappin.png */,
				60B48F7415A89E8200A52C2E /* Hypno.png */,
				60B48F7515A89E8200A52C2E /* Hypno@2x.png */,
				60B48F7615A89E8200A52C2E /* Time.png */,
				60B48F7715A89E8200A52C2E /* Time@2x.png */,
			);
			path = Images;
			sourceTree = "<group>";
		};
		60B9EE67166D49D200DDED76 /* Assets */ = {
			isa = PBXGroup;
			children = (
				60E5E8781669CC86006070B8 /* Default.png */,
				60E5E8771669CC86006070B8 /* Default@2x.png */,
				60E5E8811669E5A1006070B8 /* Icon.png */,
				60E5E85B1669A6C5006070B8 /* Icon@2x.png */,
				60E5E8831669E5D6006070B8 /* Icon-Small.png */,
				60E5E8841669E5D6006070B8 /* Icon-Small@2x.png */,
				60E5E8871669E5DB006070B8 /* iTunesArtwork */,
				60E5E8881669E5DC006070B8 /* iTunesArtwork@2x */,
			);
			name = Assets;
			sourceTree = "<group>";
		};
		60E0E5C616C94BB7008D5F1A /* profileImage */ = {
			isa = PBXGroup;
			children = (
				60E0E5C716C94BB7008D5F1A /* 1.PNG */,
				60E0E5C816C94BB7008D5F1A /* 2.PNG */,
				60E0E5C916C94BB7008D5F1A /* 3.PNG */,
				60E0E5CA16C94BB7008D5F1A /* 4.PNG */,
			);
			path = profileImage;
			sourceTree = "<group>";
		};
		60E37C7F165759EE0078E24D /* Deals */ = {
			isa = PBXGroup;
			children = (
				605AC48C161E5EC40046245F /* DealsViewController.h */,
				602874E716211E3C00EE51B0 /* DealsViewController.m */,
				605AC49B161E5EC40046245F /* DealsParseTableController.h */,
				605AC4A1161E5ECE0046245F /* DealsParseTableController.m */,
				605AC496161E5EC40046245F /* DealsItemViewController.h */,
				605AC497161E5EC40046245F /* DealsItemViewController.m */,
			);
			name = Deals;
			sourceTree = "<group>";
		};
		60E37C8116575A260078E24D /* User */ = {
			isa = PBXGroup;
			children = (
				60EA6FCA162749E600A1B765 /* UserViewController.h */,
				60EA6FCB162749E600A1B765 /* UserViewController.m */,
				60F151A6163B04C9004527BD /* UserParseTableController.h */,
				60F151A7163B04C9004527BD /* UserParseTableController.m */,
				600118C91628AB5C009E019D /* UserPostViewController.h */,
				600118CA1628AB5C009E019D /* UserPostViewController.m */,
				60197AF4165005F000DF13A6 /* CreateDealViewController.h */,
				60197AF5165005F000DF13A6 /* CreateDealViewController.m */,
			);
			name = User;
			sourceTree = "<group>";
		};
		60E37C8216575A2C0078E24D /* Profile */ = {
			isa = PBXGroup;
			children = (
				6017F04A165C563100DB72EB /* ProfileViewController.h */,
				6017F04B165C563100DB72EB /* ProfileViewController.m */,
			);
			name = Profile;
			sourceTree = "<group>";
		};
		60E37C8316575A6A0078E24D /* Location */ = {
			isa = PBXGroup;
			children = (
				6051C7FB16602FE300F91C6E /* MapPostViewController.h */,
				6051C7FC16602FE300F91C6E /* MapPostViewController.m */,
			);
			name = Location;
			sourceTree = "<group>";
		};
		60E5238215E1829000D532FA /* View Controllers */ = {
			isa = PBXGroup;
			children = (
				60E37C8316575A6A0078E24D /* Location */,
				60F470D7165741E200AC1D02 /* User Creation/Login */,
				60E37C7F165759EE0078E24D /* Deals */,
				60E37C8116575A260078E24D /* User */,
				60E37C8216575A2C0078E24D /* Profile */,
			);
			name = "View Controllers";
			sourceTree = "<group>";
		};
		60E5238415E182AD00D532FA /* XIB */ = {
			isa = PBXGroup;
			children = (
				605AC491161E5EC40046245F /* ItemCell.xib */,
				605AC48D161E5EC40046245F /* DealsViewController.xib */,
				6017F04C165C564400DB72EB /* ProfileViewController.xib */,
				605AC498161E5EC40046245F /* DealsItemViewController.xib */,
				60EA6FCC162749E600A1B765 /* UserViewController.xib */,
				600118CB1628AB5C009E019D /* UserPostViewController.xib */,
				60197AF6165005F000DF13A6 /* CreateDealViewController.xib */,
				60F470DA1657429000AC1D02 /* WelcomeViewController.xib */,
				60F470DF1657512900AC1D02 /* NewUserViewController.xib */,
				60F470E41657514100AC1D02 /* LoginViewController.xib */,
				6051C7FD16602FE300F91C6E /* MapPostViewController.xib */,
			);
			name = XIB;
			sourceTree = "<group>";
		};
		60E5238515E182CA00D532FA /* Custom Views */ = {
			isa = PBXGroup;
			children = (
				60E37CB01657E84E0078E24D /* PAWActivityView.h */,
				60E37CB11657E84E0078E24D /* PAWActivityView.m */,
				60197B361651AC1F00DF13A6 /* MBProgressHUD.h */,
				60197B371651AC1F00DF13A6 /* MBProgressHUD.m */,
				6051C8231660536700F91C6E /* MapAnnotation.h */,
				6051C8241660536700F91C6E /* MapAnnotation.m */,
				605AC49D161E5ECE0046245F /* ItemCell.h */,
				605AC490161E5EC40046245F /* ItemCell.m */,
			);
			name = "Custom Views";
			sourceTree = "<group>";
		};
		60F470D7165741E200AC1D02 /* User Creation/Login */ = {
			isa = PBXGroup;
			children = (
				60F470D81657429000AC1D02 /* WelcomeViewController.h */,
				60F470D91657429000AC1D02 /* WelcomeViewController.m */,
				60F470E21657514000AC1D02 /* LoginViewController.h */,
				60F470E31657514000AC1D02 /* LoginViewController.m */,
				60F470DD1657512900AC1D02 /* NewUserViewController.h */,
				60F470DE1657512900AC1D02 /* NewUserViewController.m */,
			);
			name = "User Creation/Login";
			sourceTree = "<group>";
		};
/* End PBXGroup section */

/* Begin PBXNativeTarget section */
		60B48F4115A892F000A52C2E /* DealMaker1 */ = {
			isa = PBXNativeTarget;
			buildConfigurationList = 60B48F5A15A892F000A52C2E /* Build configuration list for PBXNativeTarget "DealMaker1" */;
			buildPhases = (
				60B48F3E15A892F000A52C2E /* Sources */,
				60B48F3F15A892F000A52C2E /* Frameworks */,
				60B48F4015A892F000A52C2E /* Resources */,
			);
			buildRules = (
			);
			dependencies = (
			);
			name = DealMaker1;
			productName = DealMaker1;
			productReference = 60B48F4215A892F000A52C2E /* DealMaker1.app */;
			productType = "com.apple.product-type.application";
		};
/* End PBXNativeTarget section */

/* Begin PBXProject section */
		60B48F3915A892F000A52C2E /* Project object */ = {
			isa = PBXProject;
			attributes = {
				CLASSPREFIX = Deal;
				LastUpgradeCheck = 0430;
			};
			buildConfigurationList = 60B48F3C15A892F000A52C2E /* Build configuration list for PBXProject "HotDeals" */;
			compatibilityVersion = "Xcode 3.2";
			developmentRegion = English;
			hasScannedForEncodings = 0;
			knownRegions = (
				en,
			);
			mainGroup = 60B48F3715A892F000A52C2E;
			productRefGroup = 60B48F4315A892F000A52C2E /* Products */;
			projectDirPath = "";
			projectRoot = "";
			targets = (
				60B48F4115A892F000A52C2E /* DealMaker1 */,
			);
		};
/* End PBXProject section */

/* Begin PBXResourcesBuildPhase section */
		60B48F4015A892F000A52C2E /* Resources */ = {
			isa = PBXResourcesBuildPhase;
			buildActionMask = 2147483647;
			files = (
				6006FF47161FC71A006E031C /* DealsItemViewController.xib in Resources */,
				6006FF46161FC715006E031C /* DealsViewController.xib in Resources */,
				6006FF45161FC711006E031C /* ItemCell.xib in Resources */,
				60B48F5115A892F000A52C2E /* InfoPlist.strings in Resources */,
				60B48F7815A89E8200A52C2E /* Hypno.png in Resources */,
				60B48F7915A89E8200A52C2E /* Hypno@2x.png in Resources */,
				60B48F7A15A89E8200A52C2E /* Time.png in Resources */,
				60B48F7B15A89E8200A52C2E /* Time@2x.png in Resources */,
				60EA6FCE162749E600A1B765 /* UserViewController.xib in Resources */,
				600118CD1628AB5C009E019D /* UserPostViewController.xib in Resources */,
				60197AF8165005F000DF13A6 /* CreateDealViewController.xib in Resources */,
				60F470DC1657429000AC1D02 /* WelcomeViewController.xib in Resources */,
				60F470E11657512900AC1D02 /* NewUserViewController.xib in Resources */,
				60F470E61657514100AC1D02 /* LoginViewController.xib in Resources */,
				6017F04D165C564400DB72EB /* ProfileViewController.xib in Resources */,
				6051C7FF16602FE300F91C6E /* MapPostViewController.xib in Resources */,
				60DDD1C616641CF50018EA8B /* mappin.png in Resources */,
				60ED9ED416653940005D8DD6 /* mappin@2x.png in Resources */,
				60ED9ED7166539D3005D8DD6 /* search@2x.png in Resources */,
				60ED9ED8166539D3005D8DD6 /* search.png in Resources */,
				60ED9EDB16653B06005D8DD6 /* dealtabimage@2x.png in Resources */,
				60ED9EEA166540D6005D8DD6 /* dealtabimage.png in Resources */,
				60ED9F2116655A7C005D8DD6 /* usertabimage.png in Resources */,
				60ED9F2216655A7C005D8DD6 /* usertabimage@2x.png in Resources */,
				60F620F616667C5700368E10 /* profiletabimage.png in Resources */,
				60F620F716667C5700368E10 /* profiletabimage@2x.png in Resources */,
				60F621061666DA5600368E10 /* placeholderimage@2x.png in Resources */,
				60F621071666DA5600368E10 /* placeholderimage.png in Resources */,
				60E5E85C1669A6C5006070B8 /* Icon@2x.png in Resources */,
				60E5E8791669CC86006070B8 /* Default@2x.png in Resources */,
				60E5E87A1669CC86006070B8 /* Default.png in Resources */,
				60E5E8821669E5A1006070B8 /* Icon.png in Resources */,
				60E5E8851669E5D6006070B8 /* Icon-Small.png in Resources */,
				60E5E8861669E5D6006070B8 /* Icon-Small@2x.png in Resources */,
				60ED9C26166EEE2D004FE754 /* tempProfileImage@2x.png in Resources */,
				60ED9C27166EEE2D004FE754 /* tempProfileImage.png in Resources */,
				60E0E5CB16C94BB7008D5F1A /* 1.PNG in Resources */,
				60E0E5CC16C94BB7008D5F1A /* 2.PNG in Resources */,
				60E0E5CD16C94BB7008D5F1A /* 3.PNG in Resources */,
				60E0E5CE16C94BB7008D5F1A /* 4.PNG in Resources */,
			);
			runOnlyForDeploymentPostprocessing = 0;
		};
/* End PBXResourcesBuildPhase section */

/* Begin PBXSourcesBuildPhase section */
		60B48F3E15A892F000A52C2E /* Sources */ = {
			isa = PBXSourcesBuildPhase;
			buildActionMask = 2147483647;
			files = (
				6017F04E165C567C00DB72EB /* ProfileViewController.m in Sources */,
				608375D51657EAF60010FD72 /* PAWActivityView.m in Sources */,
				60197B381651AC5D00DF13A6 /* MBProgressHUD.m in Sources */,
				605AC4A3161E5F710046245F /* ItemCell.m in Sources */,
				605AC4A4161E5F710046245F /* ImageStore.m in Sources */,
				605AC4AA161E5F710046245F /* DealsParseTableController.m in Sources */,
				605AC4AB161E5F710046245F /* DealsItemViewController.m in Sources */,
				60B48F5315A892F000A52C2E /* main.m in Sources */,
				60B48F5715A892F000A52C2E /* DealAppDelegate.m in Sources */,
				60146208161FCA30004FAB65 /* DealMaker.xcdatamodeld in Sources */,
				602874E816211E3C00EE51B0 /* DealsViewController.m in Sources */,
				60EA6FCD162749E600A1B765 /* UserViewController.m in Sources */,
				600118CC1628AB5C009E019D /* UserPostViewController.m in Sources */,
				60F423D016389A91004EB95A /* LocationDataManager.m in Sources */,
				60F151A8163B04C9004527BD /* UserParseTableController.m in Sources */,
				60197AF7165005F000DF13A6 /* CreateDealViewController.m in Sources */,
				60F470DB1657429000AC1D02 /* WelcomeViewController.m in Sources */,
				60F470E01657512900AC1D02 /* NewUserViewController.m in Sources */,
				60F470E51657514100AC1D02 /* LoginViewController.m in Sources */,
				6051C7FE16602FE300F91C6E /* MapPostViewController.m in Sources */,
				6051C8251660536700F91C6E /* MapAnnotation.m in Sources */,
			);
			runOnlyForDeploymentPostprocessing = 0;
		};
/* End PBXSourcesBuildPhase section */

/* Begin PBXVariantGroup section */
		60B48F4F15A892F000A52C2E /* InfoPlist.strings */ = {
			isa = PBXVariantGroup;
			children = (
				60B48F5015A892F000A52C2E /* en */,
			);
			name = InfoPlist.strings;
			sourceTree = "<group>";
		};
/* End PBXVariantGroup section */

/* Begin XCBuildConfiguration section */
		60B48F5815A892F000A52C2E /* Debug */ = {
			isa = XCBuildConfiguration;
			buildSettings = {
				ALWAYS_SEARCH_USER_PATHS = NO;
				ARCHS = "$(ARCHS_STANDARD_32_BIT)";
				CLANG_ENABLE_OBJC_ARC = YES;
				"CODE_SIGN_IDENTITY[sdk=iphoneos*]" = "iPhone Developer";
				COPY_PHASE_STRIP = NO;
				GCC_C_LANGUAGE_STANDARD = gnu99;
				GCC_DYNAMIC_NO_PIC = NO;
				GCC_OPTIMIZATION_LEVEL = 0;
				GCC_PREPROCESSOR_DEFINITIONS = (
					"DEBUG=1",
					"$(inherited)",
				);
				GCC_SYMBOLS_PRIVATE_EXTERN = NO;
				GCC_VERSION = com.apple.compilers.llvm.clang.1_0;
				GCC_WARN_ABOUT_RETURN_TYPE = YES;
				GCC_WARN_UNINITIALIZED_AUTOS = YES;
				GCC_WARN_UNUSED_VARIABLE = YES;
				IPHONEOS_DEPLOYMENT_TARGET = 6.0;
				SDKROOT = iphoneos;
			};
			name = Debug;
		};
		60B48F5915A892F000A52C2E /* Release */ = {
			isa = XCBuildConfiguration;
			buildSettings = {
				ALWAYS_SEARCH_USER_PATHS = NO;
				ARCHS = "$(ARCHS_STANDARD_32_BIT)";
				CLANG_ENABLE_OBJC_ARC = YES;
				"CODE_SIGN_IDENTITY[sdk=iphoneos*]" = "iPhone Developer";
				COPY_PHASE_STRIP = YES;
				GCC_C_LANGUAGE_STANDARD = gnu99;
				GCC_VERSION = com.apple.compilers.llvm.clang.1_0;
				GCC_WARN_ABOUT_RETURN_TYPE = YES;
				GCC_WARN_UNINITIALIZED_AUTOS = YES;
				GCC_WARN_UNUSED_VARIABLE = YES;
				IPHONEOS_DEPLOYMENT_TARGET = 6.0;
				OTHER_CFLAGS = "-DNS_BLOCK_ASSERTIONS=1";
				SDKROOT = iphoneos;
				VALIDATE_PRODUCT = YES;
			};
			name = Release;
		};
		60B48F5B15A892F000A52C2E /* Debug */ = {
			isa = XCBuildConfiguration;
			buildSettings = {
				CODE_SIGN_IDENTITY = "iPhone Developer: Chai-Chun Chen (385E4FL8UW)";
				"CODE_SIGN_IDENTITY[sdk=iphoneos*]" = "iPhone Developer: Chai-Chun Chen (385E4FL8UW)";
				FRAMEWORK_SEARCH_PATHS = (
					"$(inherited)",
					"\"$(SRCROOT)\"",
				);
				GCC_PRECOMPILE_PREFIX_HEADER = YES;
				GCC_PREFIX_HEADER = "DealMaker1/DealMaker1-Prefix.pch";
				INFOPLIST_FILE = "DealMaker1/DealMaker1-Info.plist";
				IPHONEOS_DEPLOYMENT_TARGET = 6.0;
				PRODUCT_NAME = "$(TARGET_NAME)";
				PROVISIONING_PROFILE = "C0631968-900B-4552-95C5-3020CD68398E";
				"PROVISIONING_PROFILE[sdk=iphoneos*]" = "C0631968-900B-4552-95C5-3020CD68398E";
				TARGETED_DEVICE_FAMILY = 1;
				WRAPPER_EXTENSION = app;
			};
			name = Debug;
		};
		60B48F5C15A892F000A52C2E /* Release */ = {
			isa = XCBuildConfiguration;
			buildSettings = {
				CODE_SIGN_IDENTITY = "iPhone Distribution: Chai-Chun Chen";
				"CODE_SIGN_IDENTITY[sdk=iphoneos*]" = "iPhone Distribution: Chai-Chun Chen";
				FRAMEWORK_SEARCH_PATHS = (
					"$(inherited)",
					"\"$(SRCROOT)\"",
				);
				GCC_PRECOMPILE_PREFIX_HEADER = YES;
				GCC_PREFIX_HEADER = "DealMaker1/DealMaker1-Prefix.pch";
				INFOPLIST_FILE = "DealMaker1/DealMaker1-Info.plist";
				IPHONEOS_DEPLOYMENT_TARGET = 6.0;
				PRODUCT_NAME = "$(TARGET_NAME)";
				PROVISIONING_PROFILE = "6EA70A07-3363-44B5-944F-ED387CA9127A";
				"PROVISIONING_PROFILE[sdk=iphoneos*]" = "6EA70A07-3363-44B5-944F-ED387CA9127A";
				TARGETED_DEVICE_FAMILY = 1;
				WRAPPER_EXTENSION = app;
			};
			name = Release;
		};
/* End XCBuildConfiguration section */

/* Begin XCConfigurationList section */
		60B48F3C15A892F000A52C2E /* Build configuration list for PBXProject "HotDeals" */ = {
			isa = XCConfigurationList;
			buildConfigurations = (
				60B48F5815A892F000A52C2E /* Debug */,
				60B48F5915A892F000A52C2E /* Release */,
			);
			defaultConfigurationIsVisible = 0;
			defaultConfigurationName = Release;
		};
		60B48F5A15A892F000A52C2E /* Build configuration list for PBXNativeTarget "DealMaker1" */ = {
			isa = XCConfigurationList;
			buildConfigurations = (
				60B48F5B15A892F000A52C2E /* Debug */,
				60B48F5C15A892F000A52C2E /* Release */,
			);
			defaultConfigurationIsVisible = 0;
			defaultConfigurationName = Release;
		};
/* End XCConfigurationList section */

/* Begin XCVersionGroup section */
		60146206161FCA30004FAB65 /* DealMaker.xcdatamodeld */ = {
			isa = XCVersionGroup;
			children = (
				60146207161FCA30004FAB65 /* DealMaker.xcdatamodel */,
			);
			currentVersion = 60146207161FCA30004FAB65 /* DealMaker.xcdatamodel */;
			name = DealMaker.xcdatamodeld;
			path = HotDeals/DealMaker.xcdatamodeld;
			sourceTree = "<group>";
			versionGroupType = wrapper.xcdatamodel;
		};
/* End XCVersionGroup section */
	};
	rootObject = 60B48F3915A892F000A52C2E /* Project object */;
}
